// !$*UTF8*$!
{
	archiveVersion = 1;
	classes = {
	};
	objectVersion = 55;
	objects = {

/* Begin PBXBuildFile section */
		4013FFFB2832F7C30054F5FC /* TextAttachment.swift in Sources */ = {isa = PBXBuildFile; fileRef = 406BEDAF2825AB5C00E3BA97 /* TextAttachment.swift */; };
		406BEDB02825AB5C00E3BA97 /* TextAttachment.swift in Sources */ = {isa = PBXBuildFile; fileRef = 406BEDAF2825AB5C00E3BA97 /* TextAttachment.swift */; };
		4080143E282AE72400EC08EC /* ExclusionPathSample.rtf in Resources */ = {isa = PBXBuildFile; fileRef = 4080143D282AE72400EC08EC /* ExclusionPathSample.rtf */; };
		4080143F282AE72400EC08EC /* ExclusionPathSample.rtf in Resources */ = {isa = PBXBuildFile; fileRef = 4080143D282AE72400EC08EC /* ExclusionPathSample.rtf */; };
		40801443282AF08900EC08EC /* NSTextStorage+SampleText.swift in Sources */ = {isa = PBXBuildFile; fileRef = 40801442282AF08900EC08EC /* NSTextStorage+SampleText.swift */; };
		40801444282AF1C800EC08EC /* NSTextStorage+SampleText.swift in Sources */ = {isa = PBXBuildFile; fileRef = 40801442282AF08900EC08EC /* NSTextStorage+SampleText.swift */; };
		408E9C4F28258A8200325A1C /* AppDelegate.swift in Sources */ = {isa = PBXBuildFile; fileRef = 408E9C4E28258A8200325A1C /* AppDelegate.swift */; };
		408E9C5128258A8200325A1C /* ViewController.swift in Sources */ = {isa = PBXBuildFile; fileRef = 408E9C5028258A8200325A1C /* ViewController.swift */; };
		408E9C5328258A8400325A1C /* Assets.xcassets in Resources */ = {isa = PBXBuildFile; fileRef = 408E9C5228258A8400325A1C /* Assets.xcassets */; };
		408E9C5628258A8400325A1C /* Main.storyboard in Resources */ = {isa = PBXBuildFile; fileRef = 408E9C5428258A8400325A1C /* Main.storyboard */; };
		408E9C6428258C8A00325A1C /* AppDelegate.swift in Sources */ = {isa = PBXBuildFile; fileRef = 408E9C6328258C8A00325A1C /* AppDelegate.swift */; };
		408E9C6628258C8A00325A1C /* SceneDelegate.swift in Sources */ = {isa = PBXBuildFile; fileRef = 408E9C6528258C8A00325A1C /* SceneDelegate.swift */; };
		408E9C6828258C8A00325A1C /* ExclusionPathViewController.swift in Sources */ = {isa = PBXBuildFile; fileRef = 408E9C6728258C8A00325A1C /* ExclusionPathViewController.swift */; };
		408E9C6B28258C8A00325A1C /* Main.storyboard in Resources */ = {isa = PBXBuildFile; fileRef = 408E9C6928258C8A00325A1C /* Main.storyboard */; };
		408E9C6D28258C8B00325A1C /* Assets.xcassets in Resources */ = {isa = PBXBuildFile; fileRef = 408E9C6C28258C8B00325A1C /* Assets.xcassets */; };
		408E9C7028258C8B00325A1C /* LaunchScreen.storyboard in Resources */ = {isa = PBXBuildFile; fileRef = 408E9C6E28258C8B00325A1C /* LaunchScreen.storyboard */; };
		40C919F828332532001BB0C4 /* ExclusionPath.swift in Sources */ = {isa = PBXBuildFile; fileRef = 40C919F728332532001BB0C4 /* ExclusionPath.swift */; };
		40C919F928332532001BB0C4 /* ExclusionPath.swift in Sources */ = {isa = PBXBuildFile; fileRef = 40C919F728332532001BB0C4 /* ExclusionPath.swift */; };
		40C919FB28332C37001BB0C4 /* ListSample.txt in Resources */ = {isa = PBXBuildFile; fileRef = 40C919FA28332C37001BB0C4 /* ListSample.txt */; };
		40C919FC28332C37001BB0C4 /* ListSample.txt in Resources */ = {isa = PBXBuildFile; fileRef = 40C919FA28332C37001BB0C4 /* ListSample.txt */; };
		40ED7BA42829893B006F4810 /* AttachmentViewController.swift in Sources */ = {isa = PBXBuildFile; fileRef = 40ED7BA32829893B006F4810 /* AttachmentViewController.swift */; };
		40ED7BA628298950006F4810 /* ListViewController.swift in Sources */ = {isa = PBXBuildFile; fileRef = 40ED7BA528298950006F4810 /* ListViewController.swift */; };
		B54BC3B12835328A00A593B8 /* AttachmentSample.rtf in Resources */ = {isa = PBXBuildFile; fileRef = B54BC3B02835328A00A593B8 /* AttachmentSample.rtf */; };
		B54BC3B22835328A00A593B8 /* AttachmentSample.rtf in Resources */ = {isa = PBXBuildFile; fileRef = B54BC3B02835328A00A593B8 /* AttachmentSample.rtf */; };
/* End PBXBuildFile section */

/* Begin PBXFileReference section */
		406BEDAF2825AB5C00E3BA97 /* TextAttachment.swift */ = {isa = PBXFileReference; lastKnownFileType = sourcecode.swift; path = TextAttachment.swift; sourceTree = "<group>"; };
		4080143D282AE72400EC08EC /* ExclusionPathSample.rtf */ = {isa = PBXFileReference; fileEncoding = 4; lastKnownFileType = text.rtf; path = ExclusionPathSample.rtf; sourceTree = "<group>"; };
		40801442282AF08900EC08EC /* NSTextStorage+SampleText.swift */ = {isa = PBXFileReference; lastKnownFileType = sourcecode.swift; path = "NSTextStorage+SampleText.swift"; sourceTree = "<group>"; };
		408E9C4B28258A8200325A1C /* TextKitAndTextViewSampleApp.app */ = {isa = PBXFileReference; explicitFileType = wrapper.application; includeInIndex = 0; path = TextKitAndTextViewSampleApp.app; sourceTree = BUILT_PRODUCTS_DIR; };
		408E9C4E28258A8200325A1C /* AppDelegate.swift */ = {isa = PBXFileReference; lastKnownFileType = sourcecode.swift; path = AppDelegate.swift; sourceTree = "<group>"; };
		408E9C5028258A8200325A1C /* ViewController.swift */ = {isa = PBXFileReference; lastKnownFileType = sourcecode.swift; path = ViewController.swift; sourceTree = "<group>"; };
		408E9C5228258A8400325A1C /* Assets.xcassets */ = {isa = PBXFileReference; lastKnownFileType = folder.assetcatalog; path = Assets.xcassets; sourceTree = "<group>"; };
		408E9C5528258A8400325A1C /* Base */ = {isa = PBXFileReference; lastKnownFileType = file.storyboard; name = Base; path = Base.lproj/Main.storyboard; sourceTree = "<group>"; };
		408E9C5728258A8400325A1C /* TextKitAndTextViewSampleApp.entitlements */ = {isa = PBXFileReference; lastKnownFileType = text.plist.entitlements; path = TextKitAndTextViewSampleApp.entitlements; sourceTree = "<group>"; };
		408E9C6128258C8A00325A1C /* TextKitAndTextViewSampleApp-iOS.app */ = {isa = PBXFileReference; explicitFileType = wrapper.application; includeInIndex = 0; path = "TextKitAndTextViewSampleApp-iOS.app"; sourceTree = BUILT_PRODUCTS_DIR; };
		408E9C6328258C8A00325A1C /* AppDelegate.swift */ = {isa = PBXFileReference; lastKnownFileType = sourcecode.swift; path = AppDelegate.swift; sourceTree = "<group>"; };
		408E9C6528258C8A00325A1C /* SceneDelegate.swift */ = {isa = PBXFileReference; lastKnownFileType = sourcecode.swift; path = SceneDelegate.swift; sourceTree = "<group>"; };
		408E9C6728258C8A00325A1C /* ExclusionPathViewController.swift */ = {isa = PBXFileReference; lastKnownFileType = sourcecode.swift; path = ExclusionPathViewController.swift; sourceTree = "<group>"; };
		408E9C6A28258C8A00325A1C /* Base */ = {isa = PBXFileReference; lastKnownFileType = file.storyboard; name = Base; path = Base.lproj/Main.storyboard; sourceTree = "<group>"; };
		408E9C6C28258C8B00325A1C /* Assets.xcassets */ = {isa = PBXFileReference; lastKnownFileType = folder.assetcatalog; path = Assets.xcassets; sourceTree = "<group>"; };
		408E9C6F28258C8B00325A1C /* Base */ = {isa = PBXFileReference; lastKnownFileType = file.storyboard; name = Base; path = Base.lproj/LaunchScreen.storyboard; sourceTree = "<group>"; };
		408E9C7128258C8B00325A1C /* Info.plist */ = {isa = PBXFileReference; lastKnownFileType = text.plist.xml; path = Info.plist; sourceTree = "<group>"; };
		40C919F728332532001BB0C4 /* ExclusionPath.swift */ = {isa = PBXFileReference; fileEncoding = 4; lastKnownFileType = sourcecode.swift; path = ExclusionPath.swift; sourceTree = "<group>"; };
		40C919FA28332C37001BB0C4 /* ListSample.txt */ = {isa = PBXFileReference; fileEncoding = 4; lastKnownFileType = text; path = ListSample.txt; sourceTree = "<group>"; };
		40C985402829B9190076023A /* README.md */ = {isa = PBXFileReference; lastKnownFileType = net.daringfireball.markdown; path = README.md; sourceTree = "<group>"; };
		40ED7BA32829893B006F4810 /* AttachmentViewController.swift */ = {isa = PBXFileReference; lastKnownFileType = sourcecode.swift; path = AttachmentViewController.swift; sourceTree = "<group>"; };
		40ED7BA528298950006F4810 /* ListViewController.swift */ = {isa = PBXFileReference; lastKnownFileType = sourcecode.swift; path = ListViewController.swift; sourceTree = "<group>"; };
		55EFAFCFA6A7405A85426449 /* LICENSE.txt */ = {isa = PBXFileReference; includeInIndex = 1; path = LICENSE.txt; sourceTree = "<group>"; };
		B54BC3B02835328A00A593B8 /* AttachmentSample.rtf */ = {isa = PBXFileReference; fileEncoding = 4; lastKnownFileType = text.rtf; path = AttachmentSample.rtf; sourceTree = "<group>"; };
		E47C1476A1FEEAC2D172AFD9 /* SampleCode.xcconfig */ = {isa = PBXFileReference; name = SampleCode.xcconfig; path = Configuration/SampleCode.xcconfig; sourceTree = "<group>"; };
/* End PBXFileReference section */

/* Begin PBXFrameworksBuildPhase section */
		408E9C4828258A8200325A1C /* Frameworks */ = {
			isa = PBXFrameworksBuildPhase;
			buildActionMask = 2147483647;
			files = (
			);
			runOnlyForDeploymentPostprocessing = 0;
		};
		408E9C5E28258C8A00325A1C /* Frameworks */ = {
			isa = PBXFrameworksBuildPhase;
			buildActionMask = 2147483647;
			files = (
			);
			runOnlyForDeploymentPostprocessing = 0;
		};
/* End PBXFrameworksBuildPhase section */

/* Begin PBXGroup section */
		408E9C4228258A8200325A1C = {
			isa = PBXGroup;
			children = (
				40C985402829B9190076023A /* README.md */,
				40ED7BA828299107006F4810 /* Shared */,
				408E9C4D28258A8200325A1C /* TextKitAndTextViewSampleApp */,
				408E9C6228258C8A00325A1C /* TextKitAndTextViewSampleApp-iOS */,
				408E9C4C28258A8200325A1C /* Products */,
				B5CE42A7B3A43CFA65AD3630 /* Configuration */,
				74DE24AB3D5C35DC4343D595 /* LICENSE */,
			);
			sourceTree = "<group>";
		};
		408E9C4C28258A8200325A1C /* Products */ = {
			isa = PBXGroup;
			children = (
				408E9C4B28258A8200325A1C /* TextKitAndTextViewSampleApp.app */,
				408E9C6128258C8A00325A1C /* TextKitAndTextViewSampleApp-iOS.app */,
			);
			name = Products;
			sourceTree = "<group>";
		};
		408E9C4D28258A8200325A1C /* TextKitAndTextViewSampleApp */ = {
			isa = PBXGroup;
			children = (
				408E9C4E28258A8200325A1C /* AppDelegate.swift */,
				408E9C5028258A8200325A1C /* ViewController.swift */,
				408E9C5228258A8400325A1C /* Assets.xcassets */,
				408E9C5428258A8400325A1C /* Main.storyboard */,
				408E9C5728258A8400325A1C /* TextKitAndTextViewSampleApp.entitlements */,
			);
			path = TextKitAndTextViewSampleApp;
			sourceTree = "<group>";
		};
		408E9C6228258C8A00325A1C /* TextKitAndTextViewSampleApp-iOS */ = {
			isa = PBXGroup;
			children = (
				408E9C6328258C8A00325A1C /* AppDelegate.swift */,
				408E9C6528258C8A00325A1C /* SceneDelegate.swift */,
				408E9C6728258C8A00325A1C /* ExclusionPathViewController.swift */,
				40ED7BA32829893B006F4810 /* AttachmentViewController.swift */,
				40ED7BA528298950006F4810 /* ListViewController.swift */,
				408E9C6928258C8A00325A1C /* Main.storyboard */,
				408E9C6C28258C8B00325A1C /* Assets.xcassets */,
				408E9C6E28258C8B00325A1C /* LaunchScreen.storyboard */,
				408E9C7128258C8B00325A1C /* Info.plist */,
			);
			path = "TextKitAndTextViewSampleApp-iOS";
			sourceTree = "<group>";
		};
		40ED7BA828299107006F4810 /* Shared */ = {
			isa = PBXGroup;
			children = (
				B54BC3B02835328A00A593B8 /* AttachmentSample.rtf */,
				4080143D282AE72400EC08EC /* ExclusionPathSample.rtf */,
				40C919FA28332C37001BB0C4 /* ListSample.txt */,
				40801442282AF08900EC08EC /* NSTextStorage+SampleText.swift */,
				406BEDAF2825AB5C00E3BA97 /* TextAttachment.swift */,
				40C919F728332532001BB0C4 /* ExclusionPath.swift */,
			);
			path = Shared;
			sourceTree = "<group>";
		};
		74DE24AB3D5C35DC4343D595 /* LICENSE */ = {
			isa = PBXGroup;
			children = (
				55EFAFCFA6A7405A85426449 /* LICENSE.txt */,
			);
			name = LICENSE;
			path = LICENSE;
			sourceTree = "<group>";
		};
		B5CE42A7B3A43CFA65AD3630 /* Configuration */ = {
			isa = PBXGroup;
			children = (
				E47C1476A1FEEAC2D172AFD9 /* SampleCode.xcconfig */,
			);
			name = Configuration;
			sourceTree = "<group>";
		};
/* End PBXGroup section */

/* Begin PBXNativeTarget section */
		408E9C4A28258A8200325A1C /* TextKitAndTextViewSampleApp */ = {
			isa = PBXNativeTarget;
			buildConfigurationList = 408E9C5A28258A8400325A1C /* Build configuration list for PBXNativeTarget "TextKitAndTextViewSampleApp" */;
			buildPhases = (
				408E9C4728258A8200325A1C /* Sources */,
				408E9C4828258A8200325A1C /* Frameworks */,
				408E9C4928258A8200325A1C /* Resources */,
			);
			buildRules = (
			);
			dependencies = (
			);
			name = TextKitAndTextViewSampleApp;
			productName = TextKitAndTextViewSampleApp;
			productReference = 408E9C4B28258A8200325A1C /* TextKitAndTextViewSampleApp.app */;
			productType = "com.apple.product-type.application";
		};
		408E9C6028258C8A00325A1C /* TextKitAndTextViewSampleApp-iOS */ = {
			isa = PBXNativeTarget;
			buildConfigurationList = 408E9C7228258C8B00325A1C /* Build configuration list for PBXNativeTarget "TextKitAndTextViewSampleApp-iOS" */;
			buildPhases = (
				408E9C5D28258C8A00325A1C /* Sources */,
				408E9C5E28258C8A00325A1C /* Frameworks */,
				408E9C5F28258C8A00325A1C /* Resources */,
			);
			buildRules = (
			);
			dependencies = (
			);
			name = "TextKitAndTextViewSampleApp-iOS";
			productName = "TextKitAndTextViewSampleApp-iOS";
			productReference = 408E9C6128258C8A00325A1C /* TextKitAndTextViewSampleApp-iOS.app */;
			productType = "com.apple.product-type.application";
		};
/* End PBXNativeTarget section */

/* Begin PBXProject section */
		408E9C4328258A8200325A1C /* Project object */ = {
			isa = PBXProject;
			attributes = {
				BuildIndependentTargetsInParallel = 1;
				LastSwiftUpdateCheck = 1330;
				LastUpgradeCheck = 1400;
				ORGANIZATIONNAME = Apple;
				TargetAttributes = {
					408E9C4A28258A8200325A1C = {
						CreatedOnToolsVersion = 13.3.1;
					};
					408E9C6028258C8A00325A1C = {
						CreatedOnToolsVersion = 13.3.1;
					};
				};
			};
			buildConfigurationList = 408E9C4628258A8200325A1C /* Build configuration list for PBXProject "TextKitAndTextViewSampleApp" */;
			compatibilityVersion = "Xcode 13.0";
			developmentRegion = en;
			hasScannedForEncodings = 0;
			knownRegions = (
				en,
				Base,
			);
			mainGroup = 408E9C4228258A8200325A1C;
			productRefGroup = 408E9C4C28258A8200325A1C /* Products */;
			projectDirPath = "";
			projectRoot = "";
			targets = (
				408E9C4A28258A8200325A1C /* TextKitAndTextViewSampleApp */,
				408E9C6028258C8A00325A1C /* TextKitAndTextViewSampleApp-iOS */,
			);
		};
/* End PBXProject section */

/* Begin PBXResourcesBuildPhase section */
		408E9C4928258A8200325A1C /* Resources */ = {
			isa = PBXResourcesBuildPhase;
			buildActionMask = 2147483647;
			files = (
				408E9C5328258A8400325A1C /* Assets.xcassets in Resources */,
				B54BC3B12835328A00A593B8 /* AttachmentSample.rtf in Resources */,
				408E9C5628258A8400325A1C /* Main.storyboard in Resources */,
				40C919FB28332C37001BB0C4 /* ListSample.txt in Resources */,
				4080143E282AE72400EC08EC /* ExclusionPathSample.rtf in Resources */,
			);
			runOnlyForDeploymentPostprocessing = 0;
		};
		408E9C5F28258C8A00325A1C /* Resources */ = {
			isa = PBXResourcesBuildPhase;
			buildActionMask = 2147483647;
			files = (
				40C919FC28332C37001BB0C4 /* ListSample.txt in Resources */,
				408E9C7028258C8B00325A1C /* LaunchScreen.storyboard in Resources */,
				408E9C6D28258C8B00325A1C /* Assets.xcassets in Resources */,
				B54BC3B22835328A00A593B8 /* AttachmentSample.rtf in Resources */,
				4080143F282AE72400EC08EC /* ExclusionPathSample.rtf in Resources */,
				408E9C6B28258C8A00325A1C /* Main.storyboard in Resources */,
			);
			runOnlyForDeploymentPostprocessing = 0;
		};
/* End PBXResourcesBuildPhase section */

/* Begin PBXSourcesBuildPhase section */
		408E9C4728258A8200325A1C /* Sources */ = {
			isa = PBXSourcesBuildPhase;
			buildActionMask = 2147483647;
			files = (
				408E9C5128258A8200325A1C /* ViewController.swift in Sources */,
				40801443282AF08900EC08EC /* NSTextStorage+SampleText.swift in Sources */,
				408E9C4F28258A8200325A1C /* AppDelegate.swift in Sources */,
				406BEDB02825AB5C00E3BA97 /* TextAttachment.swift in Sources */,
				40C919F828332532001BB0C4 /* ExclusionPath.swift in Sources */,
			);
			runOnlyForDeploymentPostprocessing = 0;
		};
		408E9C5D28258C8A00325A1C /* Sources */ = {
			isa = PBXSourcesBuildPhase;
			buildActionMask = 2147483647;
			files = (
				40801444282AF1C800EC08EC /* NSTextStorage+SampleText.swift in Sources */,
				408E9C6828258C8A00325A1C /* ExclusionPathViewController.swift in Sources */,
				40ED7BA42829893B006F4810 /* AttachmentViewController.swift in Sources */,
				408E9C6428258C8A00325A1C /* AppDelegate.swift in Sources */,
				40ED7BA628298950006F4810 /* ListViewController.swift in Sources */,
				40C919F928332532001BB0C4 /* ExclusionPath.swift in Sources */,
				408E9C6628258C8A00325A1C /* SceneDelegate.swift in Sources */,
				4013FFFB2832F7C30054F5FC /* TextAttachment.swift in Sources */,
			);
			runOnlyForDeploymentPostprocessing = 0;
		};
/* End PBXSourcesBuildPhase section */

/* Begin PBXVariantGroup section */
		408E9C5428258A8400325A1C /* Main.storyboard */ = {
			isa = PBXVariantGroup;
			children = (
				408E9C5528258A8400325A1C /* Base */,
			);
			name = Main.storyboard;
			sourceTree = "<group>";
		};
		408E9C6928258C8A00325A1C /* Main.storyboard */ = {
			isa = PBXVariantGroup;
			children = (
				408E9C6A28258C8A00325A1C /* Base */,
			);
			name = Main.storyboard;
			sourceTree = "<group>";
		};
		408E9C6E28258C8B00325A1C /* LaunchScreen.storyboard */ = {
			isa = PBXVariantGroup;
			children = (
				408E9C6F28258C8B00325A1C /* Base */,
			);
			name = LaunchScreen.storyboard;
			sourceTree = "<group>";
		};
/* End PBXVariantGroup section */

/* Begin XCBuildConfiguration section */
		408E9C5828258A8400325A1C /* Debug */ = {
			isa = XCBuildConfiguration;
			baseConfigurationReference = E47C1476A1FEEAC2D172AFD9 /* SampleCode.xcconfig */;
			buildSettings = {
				ALWAYS_SEARCH_USER_PATHS = NO;
				CLANG_ANALYZER_NONNULL = YES;
				CLANG_ANALYZER_NUMBER_OBJECT_CONVERSION = YES_AGGRESSIVE;
				CLANG_CXX_LANGUAGE_STANDARD = "gnu++17";
				CLANG_ENABLE_MODULES = YES;
				CLANG_ENABLE_OBJC_ARC = YES;
				CLANG_ENABLE_OBJC_WEAK = YES;
				CLANG_WARN_BLOCK_CAPTURE_AUTORELEASING = YES;
				CLANG_WARN_BOOL_CONVERSION = YES;
				CLANG_WARN_COMMA = YES;
				CLANG_WARN_CONSTANT_CONVERSION = YES;
				CLANG_WARN_DEPRECATED_OBJC_IMPLEMENTATIONS = YES;
				CLANG_WARN_DIRECT_OBJC_ISA_USAGE = YES_ERROR;
				CLANG_WARN_DOCUMENTATION_COMMENTS = YES;
				CLANG_WARN_EMPTY_BODY = YES;
				CLANG_WARN_ENUM_CONVERSION = YES;
				CLANG_WARN_INFINITE_RECURSION = YES;
				CLANG_WARN_INT_CONVERSION = YES;
				CLANG_WARN_NON_LITERAL_NULL_CONVERSION = YES;
				CLANG_WARN_OBJC_IMPLICIT_RETAIN_SELF = YES;
				CLANG_WARN_OBJC_LITERAL_CONVERSION = YES;
				CLANG_WARN_OBJC_ROOT_CLASS = YES_ERROR;
				CLANG_WARN_QUOTED_INCLUDE_IN_FRAMEWORK_HEADER = YES;
				CLANG_WARN_RANGE_LOOP_ANALYSIS = YES;
				CLANG_WARN_STRICT_PROTOTYPES = YES;
				CLANG_WARN_SUSPICIOUS_MOVE = YES;
				CLANG_WARN_UNGUARDED_AVAILABILITY = YES_AGGRESSIVE;
				CLANG_WARN_UNREACHABLE_CODE = YES;
				CLANG_WARN__DUPLICATE_METHOD_MATCH = YES;
				COPY_PHASE_STRIP = NO;
				DEAD_CODE_STRIPPING = YES;
				DEBUG_INFORMATION_FORMAT = dwarf;
				ENABLE_STRICT_OBJC_MSGSEND = YES;
				ENABLE_TESTABILITY = YES;
				GCC_C_LANGUAGE_STANDARD = gnu11;
				GCC_DYNAMIC_NO_PIC = NO;
				GCC_NO_COMMON_BLOCKS = YES;
				GCC_OPTIMIZATION_LEVEL = 0;
				GCC_PREPROCESSOR_DEFINITIONS = (
					"DEBUG=1",
					"$(inherited)",
				);
				GCC_WARN_64_TO_32_BIT_CONVERSION = YES;
				GCC_WARN_ABOUT_RETURN_TYPE = YES_ERROR;
				GCC_WARN_UNDECLARED_SELECTOR = YES;
				GCC_WARN_UNINITIALIZED_AUTOS = YES_AGGRESSIVE;
				GCC_WARN_UNUSED_FUNCTION = YES;
				GCC_WARN_UNUSED_VARIABLE = YES;
				MACOSX_DEPLOYMENT_TARGET = 13.0;
				MTL_ENABLE_DEBUG_INFO = INCLUDE_SOURCE;
				MTL_FAST_MATH = YES;
				ONLY_ACTIVE_ARCH = YES;
				SDKROOT = macosx;
				SWIFT_ACTIVE_COMPILATION_CONDITIONS = DEBUG;
				SWIFT_OPTIMIZATION_LEVEL = "-Onone";
			};
			name = Debug;
		};
		408E9C5928258A8400325A1C /* Release */ = {
			isa = XCBuildConfiguration;
			baseConfigurationReference = E47C1476A1FEEAC2D172AFD9 /* SampleCode.xcconfig */;
			buildSettings = {
				ALWAYS_SEARCH_USER_PATHS = NO;
				CLANG_ANALYZER_NONNULL = YES;
				CLANG_ANALYZER_NUMBER_OBJECT_CONVERSION = YES_AGGRESSIVE;
				CLANG_CXX_LANGUAGE_STANDARD = "gnu++17";
				CLANG_ENABLE_MODULES = YES;
				CLANG_ENABLE_OBJC_ARC = YES;
				CLANG_ENABLE_OBJC_WEAK = YES;
				CLANG_WARN_BLOCK_CAPTURE_AUTORELEASING = YES;
				CLANG_WARN_BOOL_CONVERSION = YES;
				CLANG_WARN_COMMA = YES;
				CLANG_WARN_CONSTANT_CONVERSION = YES;
				CLANG_WARN_DEPRECATED_OBJC_IMPLEMENTATIONS = YES;
				CLANG_WARN_DIRECT_OBJC_ISA_USAGE = YES_ERROR;
				CLANG_WARN_DOCUMENTATION_COMMENTS = YES;
				CLANG_WARN_EMPTY_BODY = YES;
				CLANG_WARN_ENUM_CONVERSION = YES;
				CLANG_WARN_INFINITE_RECURSION = YES;
				CLANG_WARN_INT_CONVERSION = YES;
				CLANG_WARN_NON_LITERAL_NULL_CONVERSION = YES;
				CLANG_WARN_OBJC_IMPLICIT_RETAIN_SELF = YES;
				CLANG_WARN_OBJC_LITERAL_CONVERSION = YES;
				CLANG_WARN_OBJC_ROOT_CLASS = YES_ERROR;
				CLANG_WARN_QUOTED_INCLUDE_IN_FRAMEWORK_HEADER = YES;
				CLANG_WARN_RANGE_LOOP_ANALYSIS = YES;
				CLANG_WARN_STRICT_PROTOTYPES = YES;
				CLANG_WARN_SUSPICIOUS_MOVE = YES;
				CLANG_WARN_UNGUARDED_AVAILABILITY = YES_AGGRESSIVE;
				CLANG_WARN_UNREACHABLE_CODE = YES;
				CLANG_WARN__DUPLICATE_METHOD_MATCH = YES;
				COPY_PHASE_STRIP = NO;
				DEAD_CODE_STRIPPING = YES;
				DEBUG_INFORMATION_FORMAT = "dwarf-with-dsym";
				ENABLE_NS_ASSERTIONS = NO;
				ENABLE_STRICT_OBJC_MSGSEND = YES;
				GCC_C_LANGUAGE_STANDARD = gnu11;
				GCC_NO_COMMON_BLOCKS = YES;
				GCC_WARN_64_TO_32_BIT_CONVERSION = YES;
				GCC_WARN_ABOUT_RETURN_TYPE = YES_ERROR;
				GCC_WARN_UNDECLARED_SELECTOR = YES;
				GCC_WARN_UNINITIALIZED_AUTOS = YES_AGGRESSIVE;
				GCC_WARN_UNUSED_FUNCTION = YES;
				GCC_WARN_UNUSED_VARIABLE = YES;
				MACOSX_DEPLOYMENT_TARGET = 13.0;
				MTL_ENABLE_DEBUG_INFO = NO;
				MTL_FAST_MATH = YES;
				SDKROOT = macosx;
				SWIFT_COMPILATION_MODE = wholemodule;
				SWIFT_OPTIMIZATION_LEVEL = "-O";
			};
			name = Release;
		};
		408E9C5B28258A8400325A1C /* Debug */ = {
			isa = XCBuildConfiguration;
			baseConfigurationReference = E47C1476A1FEEAC2D172AFD9 /* SampleCode.xcconfig */;
			buildSettings = {
				ASSETCATALOG_COMPILER_APPICON_NAME = AppIcon;
				ASSETCATALOG_COMPILER_GLOBAL_ACCENT_COLOR_NAME = AccentColor;
				COMBINE_HIDPI_IMAGES = YES;
				CURRENT_PROJECT_VERSION = 1;
				DEAD_CODE_STRIPPING = YES;
				DEVELOPMENT_TEAM = "";
				GENERATE_INFOPLIST_FILE = YES;
				INFOPLIST_KEY_NSHumanReadableCopyright = "";
				INFOPLIST_KEY_NSMainStoryboardFile = Main;
				INFOPLIST_KEY_NSPrincipalClass = NSApplication;
				LD_RUNPATH_SEARCH_PATHS = (
					"$(inherited)",
					"@executable_path/../Frameworks",
				);
				MARKETING_VERSION = 1.0;
				PRODUCT_BUNDLE_IDENTIFIER = "com.example.apple-samplecode.TextKitAndTextViewSampleApp${SAMPLE_CODE_DISAMBIGUATOR}";
				PRODUCT_NAME = "$(TARGET_NAME)";
				PROVISIONING_PROFILE_SPECIFIER = "";
				SWIFT_EMIT_LOC_STRINGS = YES;
				SWIFT_VERSION = 5.0;
			};
			name = Debug;
		};
		408E9C5C28258A8400325A1C /* Release */ = {
			isa = XCBuildConfiguration;
			baseConfigurationReference = E47C1476A1FEEAC2D172AFD9 /* SampleCode.xcconfig */;
			buildSettings = {
				ASSETCATALOG_COMPILER_APPICON_NAME = AppIcon;
				ASSETCATALOG_COMPILER_GLOBAL_ACCENT_COLOR_NAME = AccentColor;
				COMBINE_HIDPI_IMAGES = YES;
				CURRENT_PROJECT_VERSION = 1;
				DEAD_CODE_STRIPPING = YES;
				DEVELOPMENT_TEAM = "";
				GENERATE_INFOPLIST_FILE = YES;
				INFOPLIST_KEY_NSHumanReadableCopyright = "";
				INFOPLIST_KEY_NSMainStoryboardFile = Main;
				INFOPLIST_KEY_NSPrincipalClass = NSApplication;
				LD_RUNPATH_SEARCH_PATHS = (
					"$(inherited)",
					"@executable_path/../Frameworks",
				);
				MARKETING_VERSION = 1.0;
				PRODUCT_BUNDLE_IDENTIFIER = "com.example.apple-samplecode.TextKitAndTextViewSampleApp${SAMPLE_CODE_DISAMBIGUATOR}";
				PRODUCT_NAME = "$(TARGET_NAME)";
				PROVISIONING_PROFILE_SPECIFIER = "";
				SWIFT_EMIT_LOC_STRINGS = YES;
				SWIFT_VERSION = 5.0;
			};
			name = Release;
		};
		408E9C7328258C8B00325A1C /* Debug */ = {
			isa = XCBuildConfiguration;
			baseConfigurationReference = E47C1476A1FEEAC2D172AFD9 /* SampleCode.xcconfig */;
			buildSettings = {
				ASSETCATALOG_COMPILER_APPICON_NAME = AppIcon;
				ASSETCATALOG_COMPILER_GLOBAL_ACCENT_COLOR_NAME = AccentColor;
				CODE_SIGN_IDENTITY = "iPhone Developer";
				CODE_SIGN_STYLE = Automatic;
				CURRENT_PROJECT_VERSION = 1;
				DEVELOPMENT_TEAM = "";
				GENERATE_INFOPLIST_FILE = YES;
				INFOPLIST_FILE = "TextKitAndTextViewSampleApp-iOS/Info.plist";
				INFOPLIST_KEY_UIApplicationSupportsIndirectInputEvents = YES;
				INFOPLIST_KEY_UILaunchStoryboardName = LaunchScreen;
				INFOPLIST_KEY_UIMainStoryboardFile = Main;
				INFOPLIST_KEY_UISupportedInterfaceOrientations_iPad = "UIInterfaceOrientationPortrait UIInterfaceOrientationPortraitUpsideDown UIInterfaceOrientationLandscapeLeft UIInterfaceOrientationLandscapeRight";
				INFOPLIST_KEY_UISupportedInterfaceOrientations_iPhone = "UIInterfaceOrientationPortrait UIInterfaceOrientationLandscapeLeft UIInterfaceOrientationLandscapeRight";
				IPHONEOS_DEPLOYMENT_TARGET = 16.0;
				LD_RUNPATH_SEARCH_PATHS = (
					"$(inherited)",
					"@executable_path/Frameworks",
				);
				MARKETING_VERSION = 1.0;
				PRODUCT_BUNDLE_IDENTIFIER = "com.example.apple-samplecode.TextKitAndTextViewSampleApp-iOS${SAMPLE_CODE_DISAMBIGUATOR}";
				PRODUCT_NAME = "$(TARGET_NAME)";
				PROVISIONING_PROFILE_SPECIFIER = "";
				SDKROOT = iphoneos;
				SWIFT_EMIT_LOC_STRINGS = YES;
				SWIFT_VERSION = 5.0;
				TARGETED_DEVICE_FAMILY = "1,2";
			};
			name = Debug;
		};
		408E9C7428258C8B00325A1C /* Release */ = {
			isa = XCBuildConfiguration;
			baseConfigurationReference = E47C1476A1FEEAC2D172AFD9 /* SampleCode.xcconfig */;
			buildSettings = {
				ASSETCATALOG_COMPILER_APPICON_NAME = AppIcon;
				ASSETCATALOG_COMPILER_GLOBAL_ACCENT_COLOR_NAME = AccentColor;
				CODE_SIGN_IDENTITY = "iPhone Developer";
				CODE_SIGN_STYLE = Automatic;
				CURRENT_PROJECT_VERSION = 1;
				DEVELOPMENT_TEAM = "";
				GENERATE_INFOPLIST_FILE = YES;
				INFOPLIST_FILE = "TextKitAndTextViewSampleApp-iOS/Info.plist";
				INFOPLIST_KEY_UIApplicationSupportsIndirectInputEvents = YES;
				INFOPLIST_KEY_UILaunchStoryboardName = LaunchScreen;
				INFOPLIST_KEY_UIMainStoryboardFile = Main;
				INFOPLIST_KEY_UISupportedInterfaceOrientations_iPad = "UIInterfaceOrientationPortrait UIInterfaceOrientationPortraitUpsideDown UIInterfaceOrientationLandscapeLeft UIInterfaceOrientationLandscapeRight";
				INFOPLIST_KEY_UISupportedInterfaceOrientations_iPhone = "UIInterfaceOrientationPortrait UIInterfaceOrientationLandscapeLeft UIInterfaceOrientationLandscapeRight";
				IPHONEOS_DEPLOYMENT_TARGET = 16.0;
				LD_RUNPATH_SEARCH_PATHS = (
					"$(inherited)",
					"@executable_path/Frameworks",
				);
				MARKETING_VERSION = 1.0;
				PRODUCT_BUNDLE_IDENTIFIER = "com.example.apple-samplecode.TextKitAndTextViewSampleApp-iOS${SAMPLE_CODE_DISAMBIGUATOR}";
				PRODUCT_NAME = "$(TARGET_NAME)";
				PROVISIONING_PROFILE_SPECIFIER = "";
				SDKROOT = iphoneos;
				SWIFT_EMIT_LOC_STRINGS = YES;
				SWIFT_VERSION = 5.0;
				TARGETED_DEVICE_FAMILY = "1,2";
				VALIDATE_PRODUCT = YES;
			};
			name = Release;
		};
/* End XCBuildConfiguration section */

/* Begin XCConfigurationList section */
		408E9C4628258A8200325A1C /* Build configuration list for PBXProject "TextKitAndTextViewSampleApp" */ = {
			isa = XCConfigurationList;
			buildConfigurations = (
				408E9C5828258A8400325A1C /* Debug */,
				408E9C5928258A8400325A1C /* Release */,
			);
			defaultConfigurationIsVisible = 0;
			defaultConfigurationName = Release;
		};
		408E9C5A28258A8400325A1C /* Build configuration list for PBXNativeTarget "TextKitAndTextViewSampleApp" */ = {
			isa = XCConfigurationList;
			buildConfigurations = (
				408E9C5B28258A8400325A1C /* Debug */,
				408E9C5C28258A8400325A1C /* Release */,
			);
			defaultConfigurationIsVisible = 0;
			defaultConfigurationName = Release;
		};
		408E9C7228258C8B00325A1C /* Build configuration list for PBXNativeTarget "TextKitAndTextViewSampleApp-iOS" */ = {
			isa = XCConfigurationList;
			buildConfigurations = (
				408E9C7328258C8B00325A1C /* Debug */,
				408E9C7428258C8B00325A1C /* Release */,
			);
			defaultConfigurationIsVisible = 0;
			defaultConfigurationName = Release;
		};
/* End XCConfigurationList section */
	};
	rootObject = 408E9C4328258A8200325A1C /* Project object */;
}
